
Microsoft Visual Studio Solution File, Format Version 12.00
# Visual Studio 15
VisualStudioVersion = 15.0.27130.0
MinimumVisualStudioVersion = 10.0.40219.1
Project("{FAE04EC0-301F-11D3-BF4B-00C04F79EFBC}") = "ConsoleApp3", "ConsoleApp3\ConsoleApp3.csproj", "{3591956E-A705-4C7F-9A35-A45BDF858280}"
EndProject
Global
	GlobalSection(SolutionConfigurationPlatforms) = preSolution
		Debug|Any CPU = Debug|Any CPU
		Release|Any CPU = Release|Any CPU
	EndGlobalSection
	GlobalSection(ProjectConfigurationPlatforms) = postSolution
		{3591956E-A705-4C7F-9A35-A45BDF858280}.Debug|Any CPU.ActiveCfg = Debug|Any CPU
		{3591956E-A705-4C7F-9A35-A45BDF858280}.Debug|Any CPU.Build.0 = Debug|Any CPU
		{3591956E-A705-4C7F-9A35-A45BDF858280}.Release|Any CPU.ActiveCfg = Release|Any CPU
		{3591956E-A705-4C7F-9A35-A45BDF858280}.Release|Any CPU.Build.0 = Release|Any CPU
	EndGlobalSection
	GlobalSection(SolutionProperties) = preSolution
		HideSolutionNode = FALSE
	EndGlobalSection
	GlobalSection(ExtensibilityGlobals) = postSolution
		SolutionGuid = {44DCA733-4485-4602-948E-0C72CF92A56A}
	EndGlobalSection
EndGlobal
